
Microsoft Visual Studio Solution File, Format Version 12.00
# Visual Studio Version 17
VisualStudioVersion = 17.6.33815.320
MinimumVisualStudioVersion = 10.0.40219.1
Project("{FAE04EC0-301F-11D3-BF4B-00C04F79EFBC}") = "Migration_Toolkit", "Migration_Toolkit.csproj", "{DD0EAD26-8A9C-4EFE-9699-55B716961897}"
EndProject
Global
	GlobalSection(SolutionConfigurationPlatforms) = preSolution
		Debug|Any CPU = Debug|Any CPU
		Release|Any CPU = Release|Any CPU
	EndGlobalSection
	GlobalSection(ProjectConfigurationPlatforms) = postSolution
		{DD0EAD26-8A9C-4EFE-9699-55B716961897}.Debug|Any CPU.ActiveCfg = Debug|Any CPU
		{DD0EAD26-8A9C-4EFE-9699-55B716961897}.Debug|Any CPU.Build.0 = Debug|Any CPU
		{DD0EAD26-8A9C-4EFE-9699-55B716961897}.Release|Any CPU.ActiveCfg = Release|Any CPU
		{DD0EAD26-8A9C-4EFE-9699-55B716961897}.Release|Any CPU.Build.0 = Release|Any CPU
	EndGlobalSection
	GlobalSection(SolutionProperties) = preSolution
		HideSolutionNode = FALSE
	EndGlobalSection
	GlobalSection(ExtensibilityGlobals) = postSolution
		SolutionGuid = {7839B6B2-C5F1-4421-AB7F-C19ACD1ED67A}
	EndGlobalSection
EndGlobal
